
Microsoft Visual Studio Solution File, Format Version 11.00
# Visual Studio 2010
Project("{FAE04EC0-301F-11D3-BF4B-00C04F79EFBC}") = "FortunesAlgorithm", "FortunesAlgorithm\FortunesAlgorithm.csproj", "{3DF7D1B0-6F99-451F-8187-16289F23D607}"
EndProject
Project("{FAE04EC0-301F-11D3-BF4B-00C04F79EFBC}") = "FortunesAlgorithmTest", "FortunesAlgorithmTest\FortunesAlgorithmTest.csproj", "{77337108-E62A-4693-A4DC-471BED247EC8}"
EndProject
Project("{FAE04EC0-301F-11D3-BF4B-00C04F79EFBC}") = "Structures", "Structures\Structures.csproj", "{0BC1559B-4132-4FA3-90C2-0C7B75925E9E}"
EndProject
Project("{FAE04EC0-301F-11D3-BF4B-00C04F79EFBC}") = "StructuresTest", "StructuresTest\StructuresTest.csproj", "{3E765559-8FC4-4C1D-A06C-B16C0CFD6477}"
EndProject
Global
	GlobalSection(SolutionConfigurationPlatforms) = preSolution
		Debug|Any CPU = Debug|Any CPU
		Release|Any CPU = Release|Any CPU
	EndGlobalSection
	GlobalSection(ProjectConfigurationPlatforms) = postSolution
		{0BC1559B-4132-4FA3-90C2-0C7B75925E9E}.Debug|Any CPU.ActiveCfg = Debug|Any CPU
		{0BC1559B-4132-4FA3-90C2-0C7B75925E9E}.Debug|Any CPU.Build.0 = Debug|Any CPU
		{0BC1559B-4132-4FA3-90C2-0C7B75925E9E}.Release|Any CPU.ActiveCfg = Release|Any CPU
		{0BC1559B-4132-4FA3-90C2-0C7B75925E9E}.Release|Any CPU.Build.0 = Release|Any CPU
		{3DF7D1B0-6F99-451F-8187-16289F23D607}.Debug|Any CPU.ActiveCfg = Debug|Any CPU
		{3DF7D1B0-6F99-451F-8187-16289F23D607}.Debug|Any CPU.Build.0 = Debug|Any CPU
		{3DF7D1B0-6F99-451F-8187-16289F23D607}.Release|Any CPU.ActiveCfg = Release|Any CPU
		{3DF7D1B0-6F99-451F-8187-16289F23D607}.Release|Any CPU.Build.0 = Release|Any CPU
		{3E765559-8FC4-4C1D-A06C-B16C0CFD6477}.Debug|Any CPU.ActiveCfg = Debug|Any CPU
		{3E765559-8FC4-4C1D-A06C-B16C0CFD6477}.Debug|Any CPU.Build.0 = Debug|Any CPU
		{3E765559-8FC4-4C1D-A06C-B16C0CFD6477}.Release|Any CPU.ActiveCfg = Release|Any CPU
		{3E765559-8FC4-4C1D-A06C-B16C0CFD6477}.Release|Any CPU.Build.0 = Release|Any CPU
		{77337108-E62A-4693-A4DC-471BED247EC8}.Debug|Any CPU.ActiveCfg = Debug|Any CPU
		{77337108-E62A-4693-A4DC-471BED247EC8}.Debug|Any CPU.Build.0 = Debug|Any CPU
	EndGlobalSection
EndGlobal
